
Microsoft Visual Studio Solution File, Format Version 12.00
# Visual Studio Version 16
VisualStudioVersion = 16.0.31410.357
MinimumVisualStudioVersion = 10.0.40219.1
Project("{FAE04EC0-301F-11D3-BF4B-00C04F79EFBC}") = "Observer Pattern", "Observer Pattern\Observer Pattern.csproj", "{CF3F6611-12B5-4ECA-B0A6-DF56468D428B}"
EndProject
Global
	GlobalSection(SolutionConfigurationPlatforms) = preSolution
		Debug|Any CPU = Debug|Any CPU
		Release|Any CPU = Release|Any CPU
	EndGlobalSection
	GlobalSection(ProjectConfigurationPlatforms) = postSolution
		{CF3F6611-12B5-4ECA-B0A6-DF56468D428B}.Debug|Any CPU.ActiveCfg = Debug|Any CPU
		{CF3F6611-12B5-4ECA-B0A6-DF56468D428B}.Debug|Any CPU.Build.0 = Debug|Any CPU
		{CF3F6611-12B5-4ECA-B0A6-DF56468D428B}.Release|Any CPU.ActiveCfg = Release|Any CPU
		{CF3F6611-12B5-4ECA-B0A6-DF56468D428B}.Release|Any CPU.Build.0 = Release|Any CPU
	EndGlobalSection
	GlobalSection(SolutionProperties) = preSolution
		HideSolutionNode = FALSE
	EndGlobalSection
	GlobalSection(ExtensibilityGlobals) = postSolution
		SolutionGuid = {DC4BEE01-150C-4018-A6AA-154AE92697AE}
	EndGlobalSection
EndGlobal
